
Microsoft Visual Studio Solution File, Format Version 12.00
Project("{FAE04EC0-301F-11D3-BF4B-00C04F79EFBC}") = "Day01", "Day01\Day01.csproj", "{38D3A5F5-13B8-472B-9ADB-21FE4D5FAD3A}"
EndProject
Project("{FAE04EC0-301F-11D3-BF4B-00C04F79EFBC}") = "Shared", "Shared\Shared.csproj", "{D2D926AE-9222-4F7A-8DD8-35787BD45C4C}"
EndProject
Project("{FAE04EC0-301F-11D3-BF4B-00C04F79EFBC}") = "Day02", "Day02\Day02.csproj", "{FAFD13A1-4B53-4132-8417-CB2D3ECF5FA5}"
EndProject
Project("{FAE04EC0-301F-11D3-BF4B-00C04F79EFBC}") = "Day03", "Day03\Day03.csproj", "{5CC7859C-09F8-4BDA-8195-DBEC13592903}"
EndProject
Project("{FAE04EC0-301F-11D3-BF4B-00C04F79EFBC}") = "Day04", "Day04\Day04.csproj", "{E78921B9-6D79-4121-B366-6508BB0A0B97}"
EndProject
Project("{FAE04EC0-301F-11D3-BF4B-00C04F79EFBC}") = "Day05", "Day05\Day05.csproj", "{ABC57B09-0C31-4DCA-9A0A-C45A425712D7}"
EndProject
Project("{FAE04EC0-301F-11D3-BF4B-00C04F79EFBC}") = "Day06", "Day06\Day06.csproj", "{C66C3D01-B3E6-4A3B-8806-B6C2AE48A2FA}"
EndProject
Project("{FAE04EC0-301F-11D3-BF4B-00C04F79EFBC}") = "Day07", "Day07\Day07.csproj", "{56ADFECB-38CD-4AA7-96D3-4A08523AADDB}"
EndProject
Project("{FAE04EC0-301F-11D3-BF4B-00C04F79EFBC}") = "Day08", "Day08\Day08.csproj", "{1EF34A83-1859-4E2F-9082-C5D4BE5B1AD3}"
EndProject
Project("{FAE04EC0-301F-11D3-BF4B-00C04F79EFBC}") = "Day09", "Day09\Day09.csproj", "{ED92D923-1971-4865-B5B6-06CAE618D678}"
EndProject
Project("{FAE04EC0-301F-11D3-BF4B-00C04F79EFBC}") = "Day10", "Day10\Day10.csproj", "{F614BBA2-4E68-43C2-852A-68E14BF49D05}"
EndProject
Project("{FAE04EC0-301F-11D3-BF4B-00C04F79EFBC}") = "Day11", "Day11\Day11.csproj", "{768A0710-6889-4CBD-8CBE-34718360F431}"
EndProject
Project("{FAE04EC0-301F-11D3-BF4B-00C04F79EFBC}") = "Day12", "Day12\Day12.csproj", "{86ED8775-78B2-46AE-B8A3-983C19A6C878}"
EndProject
Project("{FAE04EC0-301F-11D3-BF4B-00C04F79EFBC}") = "Day13", "Day13\Day13.csproj", "{58A391EC-9168-4D7C-A960-159A0D617EB9}"
EndProject
Project("{FAE04EC0-301F-11D3-BF4B-00C04F79EFBC}") = "Day14", "Day14\Day14.csproj", "{6E53BBB6-C4C8-4358-BF47-5F3A30AD4C21}"
EndProject
Project("{FAE04EC0-301F-11D3-BF4B-00C04F79EFBC}") = "Day15", "Day15\Day15.csproj", "{AC7F607B-F3A0-42B5-BE95-01D9446B0F9B}"
EndProject
Project("{FAE04EC0-301F-11D3-BF4B-00C04F79EFBC}") = "Day16", "Day16\Day16.csproj", "{0B294997-DC30-47B7-85D8-D8FF810B8974}"
EndProject
Project("{FAE04EC0-301F-11D3-BF4B-00C04F79EFBC}") = "Day17", "Day17\Day17.csproj", "{02E26956-E10A-4B56-853D-AB41205FBB05}"
EndProject
Project("{FAE04EC0-301F-11D3-BF4B-00C04F79EFBC}") = "Day18", "Day18\Day18.csproj", "{3734284D-3080-4091-A974-CE645DCCEF91}"
EndProject
Project("{FAE04EC0-301F-11D3-BF4B-00C04F79EFBC}") = "Day19", "Day19\Day19.csproj", "{7F9AF3BE-3FE4-40DC-9475-EC43F6D432DB}"
EndProject
Project("{FAE04EC0-301F-11D3-BF4B-00C04F79EFBC}") = "Day20", "Day20\Day20.csproj", "{8C1C211D-62F2-4315-ABBA-5DCDAE773E73}"
EndProject
Project("{FAE04EC0-301F-11D3-BF4B-00C04F79EFBC}") = "Day21", "Day21\Day21.csproj", "{46A59734-3C2F-48C6-A7BD-742964891C13}"
EndProject
Project("{FAE04EC0-301F-11D3-BF4B-00C04F79EFBC}") = "Day22", "Day22\Day22.csproj", "{AA849B40-572E-43BD-AC33-4EAB5AABF156}"
EndProject
Project("{FAE04EC0-301F-11D3-BF4B-00C04F79EFBC}") = "Day23", "Day23\Day23.csproj", "{39DF4F5A-9CB6-48E6-B47C-5F34AECF1B2E}"
EndProject
Project("{FAE04EC0-301F-11D3-BF4B-00C04F79EFBC}") = "Day24", "Day24\Day24.csproj", "{D78497EB-1C26-459A-927A-6738CCD8C018}"
EndProject
Global
	GlobalSection(SolutionConfigurationPlatforms) = preSolution
		Debug|Any CPU = Debug|Any CPU
		Release|Any CPU = Release|Any CPU
	EndGlobalSection
	GlobalSection(ProjectConfigurationPlatforms) = postSolution
		{38D3A5F5-13B8-472B-9ADB-21FE4D5FAD3A}.Debug|Any CPU.ActiveCfg = Debug|Any CPU
		{38D3A5F5-13B8-472B-9ADB-21FE4D5FAD3A}.Debug|Any CPU.Build.0 = Debug|Any CPU
		{38D3A5F5-13B8-472B-9ADB-21FE4D5FAD3A}.Release|Any CPU.ActiveCfg = Release|Any CPU
		{38D3A5F5-13B8-472B-9ADB-21FE4D5FAD3A}.Release|Any CPU.Build.0 = Release|Any CPU
		{D2D926AE-9222-4F7A-8DD8-35787BD45C4C}.Debug|Any CPU.ActiveCfg = Debug|Any CPU
		{D2D926AE-9222-4F7A-8DD8-35787BD45C4C}.Debug|Any CPU.Build.0 = Debug|Any CPU
		{D2D926AE-9222-4F7A-8DD8-35787BD45C4C}.Release|Any CPU.ActiveCfg = Release|Any CPU
		{D2D926AE-9222-4F7A-8DD8-35787BD45C4C}.Release|Any CPU.Build.0 = Release|Any CPU
		{FAFD13A1-4B53-4132-8417-CB2D3ECF5FA5}.Debug|Any CPU.ActiveCfg = Debug|Any CPU
		{FAFD13A1-4B53-4132-8417-CB2D3ECF5FA5}.Debug|Any CPU.Build.0 = Debug|Any CPU
		{FAFD13A1-4B53-4132-8417-CB2D3ECF5FA5}.Release|Any CPU.ActiveCfg = Release|Any CPU
		{FAFD13A1-4B53-4132-8417-CB2D3ECF5FA5}.Release|Any CPU.Build.0 = Release|Any CPU
		{5CC7859C-09F8-4BDA-8195-DBEC13592903}.Debug|Any CPU.ActiveCfg = Debug|Any CPU
		{5CC7859C-09F8-4BDA-8195-DBEC13592903}.Debug|Any CPU.Build.0 = Debug|Any CPU
		{5CC7859C-09F8-4BDA-8195-DBEC13592903}.Release|Any CPU.ActiveCfg = Release|Any CPU
		{5CC7859C-09F8-4BDA-8195-DBEC13592903}.Release|Any CPU.Build.0 = Release|Any CPU
		{E78921B9-6D79-4121-B366-6508BB0A0B97}.Debug|Any CPU.ActiveCfg = Debug|Any CPU
		{E78921B9-6D79-4121-B366-6508BB0A0B97}.Debug|Any CPU.Build.0 = Debug|Any CPU
		{E78921B9-6D79-4121-B366-6508BB0A0B97}.Release|Any CPU.ActiveCfg = Release|Any CPU
		{E78921B9-6D79-4121-B366-6508BB0A0B97}.Release|Any CPU.Build.0 = Release|Any CPU
		{ABC57B09-0C31-4DCA-9A0A-C45A425712D7}.Debug|Any CPU.ActiveCfg = Debug|Any CPU
		{ABC57B09-0C31-4DCA-9A0A-C45A425712D7}.Debug|Any CPU.Build.0 = Debug|Any CPU
		{ABC57B09-0C31-4DCA-9A0A-C45A425712D7}.Release|Any CPU.ActiveCfg = Release|Any CPU
		{ABC57B09-0C31-4DCA-9A0A-C45A425712D7}.Release|Any CPU.Build.0 = Release|Any CPU
		{C66C3D01-B3E6-4A3B-8806-B6C2AE48A2FA}.Debug|Any CPU.ActiveCfg = Debug|Any CPU
		{C66C3D01-B3E6-4A3B-8806-B6C2AE48A2FA}.Debug|Any CPU.Build.0 = Debug|Any CPU
		{C66C3D01-B3E6-4A3B-8806-B6C2AE48A2FA}.Release|Any CPU.ActiveCfg = Release|Any CPU
		{C66C3D01-B3E6-4A3B-8806-B6C2AE48A2FA}.Release|Any CPU.Build.0 = Release|Any CPU
		{56ADFECB-38CD-4AA7-96D3-4A08523AADDB}.Debug|Any CPU.ActiveCfg = Debug|Any CPU
		{56ADFECB-38CD-4AA7-96D3-4A08523AADDB}.Debug|Any CPU.Build.0 = Debug|Any CPU
		{56ADFECB-38CD-4AA7-96D3-4A08523AADDB}.Release|Any CPU.ActiveCfg = Release|Any CPU
		{56ADFECB-38CD-4AA7-96D3-4A08523AADDB}.Release|Any CPU.Build.0 = Release|Any CPU
		{1EF34A83-1859-4E2F-9082-C5D4BE5B1AD3}.Debug|Any CPU.ActiveCfg = Debug|Any CPU
		{1EF34A83-1859-4E2F-9082-C5D4BE5B1AD3}.Debug|Any CPU.Build.0 = Debug|Any CPU
		{1EF34A83-1859-4E2F-9082-C5D4BE5B1AD3}.Release|Any CPU.ActiveCfg = Release|Any CPU
		{1EF34A83-1859-4E2F-9082-C5D4BE5B1AD3}.Release|Any CPU.Build.0 = Release|Any CPU
		{ED92D923-1971-4865-B5B6-06CAE618D678}.Debug|Any CPU.ActiveCfg = Debug|Any CPU
		{ED92D923-1971-4865-B5B6-06CAE618D678}.Debug|Any CPU.Build.0 = Debug|Any CPU
		{ED92D923-1971-4865-B5B6-06CAE618D678}.Release|Any CPU.ActiveCfg = Release|Any CPU
		{ED92D923-1971-4865-B5B6-06CAE618D678}.Release|Any CPU.Build.0 = Release|Any CPU
		{F614BBA2-4E68-43C2-852A-68E14BF49D05}.Debug|Any CPU.ActiveCfg = Debug|Any CPU
		{F614BBA2-4E68-43C2-852A-68E14BF49D05}.Debug|Any CPU.Build.0 = Debug|Any CPU
		{F614BBA2-4E68-43C2-852A-68E14BF49D05}.Release|Any CPU.ActiveCfg = Release|Any CPU
		{F614BBA2-4E68-43C2-852A-68E14BF49D05}.Release|Any CPU.Build.0 = Release|Any CPU
		{768A0710-6889-4CBD-8CBE-34718360F431}.Debug|Any CPU.ActiveCfg = Debug|Any CPU
		{768A0710-6889-4CBD-8CBE-34718360F431}.Debug|Any CPU.Build.0 = Debug|Any CPU
		{768A0710-6889-4CBD-8CBE-34718360F431}.Release|Any CPU.ActiveCfg = Release|Any CPU
		{768A0710-6889-4CBD-8CBE-34718360F431}.Release|Any CPU.Build.0 = Release|Any CPU
		{86ED8775-78B2-46AE-B8A3-983C19A6C878}.Debug|Any CPU.ActiveCfg = Debug|Any CPU
		{86ED8775-78B2-46AE-B8A3-983C19A6C878}.Debug|Any CPU.Build.0 = Debug|Any CPU
		{86ED8775-78B2-46AE-B8A3-983C19A6C878}.Release|Any CPU.ActiveCfg = Release|Any CPU
		{86ED8775-78B2-46AE-B8A3-983C19A6C878}.Release|Any CPU.Build.0 = Release|Any CPU
		{58A391EC-9168-4D7C-A960-159A0D617EB9}.Debug|Any CPU.ActiveCfg = Debug|Any CPU
		{58A391EC-9168-4D7C-A960-159A0D617EB9}.Debug|Any CPU.Build.0 = Debug|Any CPU
		{58A391EC-9168-4D7C-A960-159A0D617EB9}.Release|Any CPU.ActiveCfg = Release|Any CPU
		{58A391EC-9168-4D7C-A960-159A0D617EB9}.Release|Any CPU.Build.0 = Release|Any CPU
		{6E53BBB6-C4C8-4358-BF47-5F3A30AD4C21}.Debug|Any CPU.ActiveCfg = Debug|Any CPU
		{6E53BBB6-C4C8-4358-BF47-5F3A30AD4C21}.Debug|Any CPU.Build.0 = Debug|Any CPU
		{6E53BBB6-C4C8-4358-BF47-5F3A30AD4C21}.Release|Any CPU.ActiveCfg = Release|Any CPU
		{6E53BBB6-C4C8-4358-BF47-5F3A30AD4C21}.Release|Any CPU.Build.0 = Release|Any CPU
		{AC7F607B-F3A0-42B5-BE95-01D9446B0F9B}.Debug|Any CPU.ActiveCfg = Debug|Any CPU
		{AC7F607B-F3A0-42B5-BE95-01D9446B0F9B}.Debug|Any CPU.Build.0 = Debug|Any CPU
		{AC7F607B-F3A0-42B5-BE95-01D9446B0F9B}.Release|Any CPU.ActiveCfg = Release|Any CPU
		{AC7F607B-F3A0-42B5-BE95-01D9446B0F9B}.Release|Any CPU.Build.0 = Release|Any CPU
		{0B294997-DC30-47B7-85D8-D8FF810B8974}.Debug|Any CPU.ActiveCfg = Debug|Any CPU
		{0B294997-DC30-47B7-85D8-D8FF810B8974}.Debug|Any CPU.Build.0 = Debug|Any CPU
		{0B294997-DC30-47B7-85D8-D8FF810B8974}.Release|Any CPU.ActiveCfg = Release|Any CPU
		{0B294997-DC30-47B7-85D8-D8FF810B8974}.Release|Any CPU.Build.0 = Release|Any CPU
		{02E26956-E10A-4B56-853D-AB41205FBB05}.Debug|Any CPU.ActiveCfg = Debug|Any CPU
		{02E26956-E10A-4B56-853D-AB41205FBB05}.Debug|Any CPU.Build.0 = Debug|Any CPU
		{02E26956-E10A-4B56-853D-AB41205FBB05}.Release|Any CPU.ActiveCfg = Release|Any CPU
		{02E26956-E10A-4B56-853D-AB41205FBB05}.Release|Any CPU.Build.0 = Release|Any CPU
		{3734284D-3080-4091-A974-CE645DCCEF91}.Debug|Any CPU.ActiveCfg = Debug|Any CPU
		{3734284D-3080-4091-A974-CE645DCCEF91}.Debug|Any CPU.Build.0 = Debug|Any CPU
		{3734284D-3080-4091-A974-CE645DCCEF91}.Release|Any CPU.ActiveCfg = Release|Any CPU
		{3734284D-3080-4091-A974-CE645DCCEF91}.Release|Any CPU.Build.0 = Release|Any CPU
		{7F9AF3BE-3FE4-40DC-9475-EC43F6D432DB}.Debug|Any CPU.ActiveCfg = Debug|Any CPU
		{7F9AF3BE-3FE4-40DC-9475-EC43F6D432DB}.Debug|Any CPU.Build.0 = Debug|Any CPU
		{7F9AF3BE-3FE4-40DC-9475-EC43F6D432DB}.Release|Any CPU.ActiveCfg = Release|Any CPU
		{7F9AF3BE-3FE4-40DC-9475-EC43F6D432DB}.Release|Any CPU.Build.0 = Release|Any CPU
		{8C1C211D-62F2-4315-ABBA-5DCDAE773E73}.Debug|Any CPU.ActiveCfg = Debug|Any CPU
		{8C1C211D-62F2-4315-ABBA-5DCDAE773E73}.Debug|Any CPU.Build.0 = Debug|Any CPU
		{8C1C211D-62F2-4315-ABBA-5DCDAE773E73}.Release|Any CPU.ActiveCfg = Release|Any CPU
		{8C1C211D-62F2-4315-ABBA-5DCDAE773E73}.Release|Any CPU.Build.0 = Release|Any CPU
		{46A59734-3C2F-48C6-A7BD-742964891C13}.Debug|Any CPU.ActiveCfg = Debug|Any CPU
		{46A59734-3C2F-48C6-A7BD-742964891C13}.Debug|Any CPU.Build.0 = Debug|Any CPU
		{46A59734-3C2F-48C6-A7BD-742964891C13}.Release|Any CPU.ActiveCfg = Release|Any CPU
		{46A59734-3C2F-48C6-A7BD-742964891C13}.Release|Any CPU.Build.0 = Release|Any CPU
		{AA849B40-572E-43BD-AC33-4EAB5AABF156}.Debug|Any CPU.ActiveCfg = Debug|Any CPU
		{AA849B40-572E-43BD-AC33-4EAB5AABF156}.Debug|Any CPU.Build.0 = Debug|Any CPU
		{AA849B40-572E-43BD-AC33-4EAB5AABF156}.Release|Any CPU.ActiveCfg = Release|Any CPU
		{AA849B40-572E-43BD-AC33-4EAB5AABF156}.Release|Any CPU.Build.0 = Release|Any CPU
		{39DF4F5A-9CB6-48E6-B47C-5F34AECF1B2E}.Debug|Any CPU.ActiveCfg = Debug|Any CPU
		{39DF4F5A-9CB6-48E6-B47C-5F34AECF1B2E}.Debug|Any CPU.Build.0 = Debug|Any CPU
		{39DF4F5A-9CB6-48E6-B47C-5F34AECF1B2E}.Release|Any CPU.ActiveCfg = Release|Any CPU
		{39DF4F5A-9CB6-48E6-B47C-5F34AECF1B2E}.Release|Any CPU.Build.0 = Release|Any CPU
		{D78497EB-1C26-459A-927A-6738CCD8C018}.Debug|Any CPU.ActiveCfg = Debug|Any CPU
		{D78497EB-1C26-459A-927A-6738CCD8C018}.Debug|Any CPU.Build.0 = Debug|Any CPU
		{D78497EB-1C26-459A-927A-6738CCD8C018}.Release|Any CPU.ActiveCfg = Release|Any CPU
		{D78497EB-1C26-459A-927A-6738CCD8C018}.Release|Any CPU.Build.0 = Release|Any CPU
	EndGlobalSection
EndGlobal
