
Microsoft Visual Studio Solution File, Format Version 12.00
Project("{FAE04EC0-301F-11D3-BF4B-00C04F79EFBC}") = "Day01", "Day01\Day01.csproj", "{38D3A5F5-13B8-472B-9ADB-21FE4D5FAD3A}"
EndProject
Project("{FAE04EC0-301F-11D3-BF4B-00C04F79EFBC}") = "Shared", "Shared\Shared.csproj", "{D2D926AE-9222-4F7A-8DD8-35787BD45C4C}"
EndProject
Project("{FAE04EC0-301F-11D3-BF4B-00C04F79EFBC}") = "Day02", "Day02\Day02.csproj", "{FAFD13A1-4B53-4132-8417-CB2D3ECF5FA5}"
EndProject
Project("{FAE04EC0-301F-11D3-BF4B-00C04F79EFBC}") = "Day03", "Day03\Day03.csproj", "{5CC7859C-09F8-4BDA-8195-DBEC13592903}"
EndProject
Global
	GlobalSection(SolutionConfigurationPlatforms) = preSolution
		Debug|Any CPU = Debug|Any CPU
		Release|Any CPU = Release|Any CPU
	EndGlobalSection
	GlobalSection(ProjectConfigurationPlatforms) = postSolution
		{38D3A5F5-13B8-472B-9ADB-21FE4D5FAD3A}.Debug|Any CPU.ActiveCfg = Debug|Any CPU
		{38D3A5F5-13B8-472B-9ADB-21FE4D5FAD3A}.Debug|Any CPU.Build.0 = Debug|Any CPU
		{38D3A5F5-13B8-472B-9ADB-21FE4D5FAD3A}.Release|Any CPU.ActiveCfg = Release|Any CPU
		{38D3A5F5-13B8-472B-9ADB-21FE4D5FAD3A}.Release|Any CPU.Build.0 = Release|Any CPU
		{D2D926AE-9222-4F7A-8DD8-35787BD45C4C}.Debug|Any CPU.ActiveCfg = Debug|Any CPU
		{D2D926AE-9222-4F7A-8DD8-35787BD45C4C}.Debug|Any CPU.Build.0 = Debug|Any CPU
		{D2D926AE-9222-4F7A-8DD8-35787BD45C4C}.Release|Any CPU.ActiveCfg = Release|Any CPU
		{D2D926AE-9222-4F7A-8DD8-35787BD45C4C}.Release|Any CPU.Build.0 = Release|Any CPU
		{FAFD13A1-4B53-4132-8417-CB2D3ECF5FA5}.Debug|Any CPU.ActiveCfg = Debug|Any CPU
		{FAFD13A1-4B53-4132-8417-CB2D3ECF5FA5}.Debug|Any CPU.Build.0 = Debug|Any CPU
		{FAFD13A1-4B53-4132-8417-CB2D3ECF5FA5}.Release|Any CPU.ActiveCfg = Release|Any CPU
		{FAFD13A1-4B53-4132-8417-CB2D3ECF5FA5}.Release|Any CPU.Build.0 = Release|Any CPU
		{5CC7859C-09F8-4BDA-8195-DBEC13592903}.Debug|Any CPU.ActiveCfg = Debug|Any CPU
		{5CC7859C-09F8-4BDA-8195-DBEC13592903}.Debug|Any CPU.Build.0 = Debug|Any CPU
		{5CC7859C-09F8-4BDA-8195-DBEC13592903}.Release|Any CPU.ActiveCfg = Release|Any CPU
		{5CC7859C-09F8-4BDA-8195-DBEC13592903}.Release|Any CPU.Build.0 = Release|Any CPU
	EndGlobalSection
EndGlobal
